// !$*UTF8*$!
{
	archiveVersion = 1;
	classes = {
	};
	objectVersion = 77;
	objects = {

/* Begin PBXContainerItemProxy section */
		DA31A73A2E5196E7001ECD4E /* PBXContainerItemProxy */ = {
			isa = PBXContainerItemProxy;
			containerPortal = DA31A7222E5196E6001ECD4E /* Project object */;
			proxyType = 1;
			remoteGlobalIDString = DA31A7292E5196E6001ECD4E;
			remoteInfo = PhotoMicroFX;
		};
		DA31A7442E5196E7001ECD4E /* PBXContainerItemProxy */ = {
			isa = PBXContainerItemProxy;
			containerPortal = DA31A7222E5196E6001ECD4E /* Project object */;
			proxyType = 1;
			remoteGlobalIDString = DA31A7292E5196E6001ECD4E;
			remoteInfo = PhotoMicroFX;
		};
/* End PBXContainerItemProxy section */

/* Begin PBXFileReference section */
		DA31A72A2E5196E6001ECD4E /* PhotoMicroFX.app */ = {isa = PBXFileReference; explicitFileType = wrapper.application; includeInIndex = 0; path = PhotoMicroFX.app; sourceTree = BUILT_PRODUCTS_DIR; };
		DA31A7392E5196E7001ECD4E /* PhotoMicroFXTests.xctest */ = {isa = PBXFileReference; explicitFileType = wrapper.cfbundle; includeInIndex = 0; path = PhotoMicroFXTests.xctest; sourceTree = BUILT_PRODUCTS_DIR; };
		DA31A7432E5196E7001ECD4E /* PhotoMicroFXUITests.xctest */ = {isa = PBXFileReference; explicitFileType = wrapper.cfbundle; includeInIndex = 0; path = PhotoMicroFXUITests.xctest; sourceTree = BUILT_PRODUCTS_DIR; };
/* End PBXFileReference section */

/* Begin PBXFileSystemSynchronizedRootGroup section */
		DA31A72C2E5196E6001ECD4E /* PhotoMicroFX */ = {
			isa = PBXFileSystemSynchronizedRootGroup;
			path = PhotoMicroFX;
			sourceTree = "<group>";
		};
		DA31A73C2E5196E7001ECD4E /* PhotoMicroFXTests */ = {
			isa = PBXFileSystemSynchronizedRootGroup;
			path = PhotoMicroFXTests;
			sourceTree = "<group>";
		};
		DA31A7462E5196E7001ECD4E /* PhotoMicroFXUITests */ = {
			isa = PBXFileSystemSynchronizedRootGroup;
			path = PhotoMicroFXUITests;
			sourceTree = "<group>";
		};
/* End PBXFileSystemSynchronizedRootGroup section */

/* Begin PBXFrameworksBuildPhase section */
		DA31A7272E5196E6001ECD4E /* Frameworks */ = {
			isa = PBXFrameworksBuildPhase;
			buildActionMask = 2147483647;
			files = (
			);
			runOnlyForDeploymentPostprocessing = 0;
		};
		DA31A7362E5196E7001ECD4E /* Frameworks */ = {
			isa = PBXFrameworksBuildPhase;
			buildActionMask = 2147483647;
			files = (
			);
			runOnlyForDeploymentPostprocessing = 0;
		};
		DA31A7402E5196E7001ECD4E /* Frameworks */ = {
			isa = PBXFrameworksBuildPhase;
			buildActionMask = 2147483647;
			files = (
			);
			runOnlyForDeploymentPostprocessing = 0;
		};
/* End PBXFrameworksBuildPhase section */

/* Begin PBXGroup section */
		DA31A7212E5196E6001ECD4E = {
			isa = PBXGroup;
			children = (
				DA31A72C2E5196E6001ECD4E /* PhotoMicroFX */,
				DA31A73C2E5196E7001ECD4E /* PhotoMicroFXTests */,
				DA31A7462E5196E7001ECD4E /* PhotoMicroFXUITests */,
				DA31A72B2E5196E6001ECD4E /* Products */,
			);
			sourceTree = "<group>";
		};
		DA31A72B2E5196E6001ECD4E /* Products */ = {
			isa = PBXGroup;
			children = (
				DA31A72A2E5196E6001ECD4E /* PhotoMicroFX.app */,
				DA31A7392E5196E7001ECD4E /* PhotoMicroFXTests.xctest */,
				DA31A7432E5196E7001ECD4E /* PhotoMicroFXUITests.xctest */,
			);
			name = Products;
			sourceTree = "<group>";
		};
/* End PBXGroup section */

/* Begin PBXNativeTarget section */
		DA31A7292E5196E6001ECD4E /* PhotoMicroFX */ = {
			isa = PBXNativeTarget;
			buildConfigurationList = DA31A74D2E5196E7001ECD4E /* Build configuration list for PBXNativeTarget "PhotoMicroFX" */;
			buildPhases = (
				DA31A7262E5196E6001ECD4E /* Sources */,
				DA31A7272E5196E6001ECD4E /* Frameworks */,
				DA31A7282E5196E6001ECD4E /* Resources */,
			);
			buildRules = (
			);
			dependencies = (
			);
			fileSystemSynchronizedGroups = (
				DA31A72C2E5196E6001ECD4E /* PhotoMicroFX */,
			);
			name = PhotoMicroFX;
			packageProductDependencies = (
			);
			productName = PhotoMicroFX;
			productReference = DA31A72A2E5196E6001ECD4E /* PhotoMicroFX.app */;
			productType = "com.apple.product-type.application";
		};
		DA31A7382E5196E7001ECD4E /* PhotoMicroFXTests */ = {
			isa = PBXNativeTarget;
			buildConfigurationList = DA31A7502E5196E7001ECD4E /* Build configuration list for PBXNativeTarget "PhotoMicroFXTests" */;
			buildPhases = (
				DA31A7352E5196E7001ECD4E /* Sources */,
				DA31A7362E5196E7001ECD4E /* Frameworks */,
				DA31A7372E5196E7001ECD4E /* Resources */,
			);
			buildRules = (
			);
			dependencies = (
				DA31A73B2E5196E7001ECD4E /* PBXTargetDependency */,
			);
			fileSystemSynchronizedGroups = (
				DA31A73C2E5196E7001ECD4E /* PhotoMicroFXTests */,
			);
			name = PhotoMicroFXTests;
			packageProductDependencies = (
			);
			productName = PhotoMicroFXTests;
			productReference = DA31A7392E5196E7001ECD4E /* PhotoMicroFXTests.xctest */;
			productType = "com.apple.product-type.bundle.unit-test";
		};
		DA31A7422E5196E7001ECD4E /* PhotoMicroFXUITests */ = {
			isa = PBXNativeTarget;
			buildConfigurationList = DA31A7532E5196E7001ECD4E /* Build configuration list for PBXNativeTarget "PhotoMicroFXUITests" */;
			buildPhases = (
				DA31A73F2E5196E7001ECD4E /* Sources */,
				DA31A7402E5196E7001ECD4E /* Frameworks */,
				DA31A7412E5196E7001ECD4E /* Resources */,
			);
			buildRules = (
			);
			dependencies = (
				DA31A7452E5196E7001ECD4E /* PBXTargetDependency */,
			);
			fileSystemSynchronizedGroups = (
				DA31A7462E5196E7001ECD4E /* PhotoMicroFXUITests */,
			);
			name = PhotoMicroFXUITests;
			packageProductDependencies = (
			);
			productName = PhotoMicroFXUITests;
			productReference = DA31A7432E5196E7001ECD4E /* PhotoMicroFXUITests.xctest */;
			productType = "com.apple.product-type.bundle.ui-testing";
		};
/* End PBXNativeTarget section */

/* Begin PBXProject section */
		DA31A7222E5196E6001ECD4E /* Project object */ = {
			isa = PBXProject;
			attributes = {
				BuildIndependentTargetsInParallel = 1;
				LastSwiftUpdateCheck = 1640;
				LastUpgradeCheck = 1640;
				TargetAttributes = {
					DA31A7292E5196E6001ECD4E = {
						CreatedOnToolsVersion = 16.4;
					};
					DA31A7382E5196E7001ECD4E = {
						CreatedOnToolsVersion = 16.4;
						TestTargetID = DA31A7292E5196E6001ECD4E;
					};
					DA31A7422E5196E7001ECD4E = {
						CreatedOnToolsVersion = 16.4;
						TestTargetID = DA31A7292E5196E6001ECD4E;
					};
				};
			};
			buildConfigurationList = DA31A7252E5196E6001ECD4E /* Build configuration list for PBXProject "PhotoMicroFX" */;
			developmentRegion = en;
			hasScannedForEncodings = 0;
			knownRegions = (
				en,
				Base,
			);
			mainGroup = DA31A7212E5196E6001ECD4E;
			minimizedProjectReferenceProxies = 1;
			preferredProjectObjectVersion = 77;
			productRefGroup = DA31A72B2E5196E6001ECD4E /* Products */;
			projectDirPath = "";
			projectRoot = "";
			targets = (
				DA31A7292E5196E6001ECD4E /* PhotoMicroFX */,
				DA31A7382E5196E7001ECD4E /* PhotoMicroFXTests */,
				DA31A7422E5196E7001ECD4E /* PhotoMicroFXUITests */,
			);
		};
/* End PBXProject section */

/* Begin PBXResourcesBuildPhase section */
		DA31A7282E5196E6001ECD4E /* Resources */ = {
			isa = PBXResourcesBuildPhase;
			buildActionMask = 2147483647;
			files = (
			);
			runOnlyForDeploymentPostprocessing = 0;
		};
		DA31A7372E5196E7001ECD4E /* Resources */ = {
			isa = PBXResourcesBuildPhase;
			buildActionMask = 2147483647;
			files = (
			);
			runOnlyForDeploymentPostprocessing = 0;
		};
		DA31A7412E5196E7001ECD4E /* Resources */ = {
			isa = PBXResourcesBuildPhase;
			buildActionMask = 2147483647;
			files = (
			);
			runOnlyForDeploymentPostprocessing = 0;
		};
/* End PBXResourcesBuildPhase section */

/* Begin PBXSourcesBuildPhase section */
		DA31A7262E5196E6001ECD4E /* Sources */ = {
			isa = PBXSourcesBuildPhase;
			buildActionMask = 2147483647;
			files = (
			);
			runOnlyForDeploymentPostprocessing = 0;
		};
		DA31A7352E5196E7001ECD4E /* Sources */ = {
			isa = PBXSourcesBuildPhase;
			buildActionMask = 2147483647;
			files = (
			);
			runOnlyForDeploymentPostprocessing = 0;
		};
		DA31A73F2E5196E7001ECD4E /* Sources */ = {
			isa = PBXSourcesBuildPhase;
			buildActionMask = 2147483647;
			files = (
			);
			runOnlyForDeploymentPostprocessing = 0;
		};
/* End PBXSourcesBuildPhase section */

/* Begin PBXTargetDependency section */
		DA31A73B2E5196E7001ECD4E /* PBXTargetDependency */ = {
			isa = PBXTargetDependency;
			target = DA31A7292E5196E6001ECD4E /* PhotoMicroFX */;
			targetProxy = DA31A73A2E5196E7001ECD4E /* PBXContainerItemProxy */;
		};
		DA31A7452E5196E7001ECD4E /* PBXTargetDependency */ = {
			isa = PBXTargetDependency;
			target = DA31A7292E5196E6001ECD4E /* PhotoMicroFX */;
			targetProxy = DA31A7442E5196E7001ECD4E /* PBXContainerItemProxy */;
		};
/* End PBXTargetDependency section */

/* Begin XCBuildConfiguration section */
		DA31A74B2E5196E7001ECD4E /* Debug */ = {
			isa = XCBuildConfiguration;
			buildSettings = {
				ALWAYS_SEARCH_USER_PATHS = NO;
				ASSETCATALOG_COMPILER_GENERATE_SWIFT_ASSET_SYMBOL_EXTENSIONS = YES;
				CLANG_ANALYZER_NONNULL = YES;
				CLANG_ANALYZER_NUMBER_OBJECT_CONVERSION = YES_AGGRESSIVE;
				CLANG_CXX_LANGUAGE_STANDARD = "gnu++20";
				CLANG_ENABLE_MODULES = YES;
				CLANG_ENABLE_OBJC_ARC = YES;
				CLANG_ENABLE_OBJC_WEAK = YES;
				CLANG_WARN_BLOCK_CAPTURE_AUTORELEASING = YES;
				CLANG_WARN_BOOL_CONVERSION = YES;
				CLANG_WARN_COMMA = YES;
				CLANG_WARN_CONSTANT_CONVERSION = YES;
				CLANG_WARN_DEPRECATED_OBJC_IMPLEMENTATIONS = YES;
				CLANG_WARN_DIRECT_OBJC_ISA_USAGE = YES_ERROR;
				CLANG_WARN_DOCUMENTATION_COMMENTS = YES;
				CLANG_WARN_EMPTY_BODY = YES;
				CLANG_WARN_ENUM_CONVERSION = YES;
				CLANG_WARN_INFINITE_RECURSION = YES;
				CLANG_WARN_INT_CONVERSION = YES;
				CLANG_WARN_NON_LITERAL_NULL_CONVERSION = YES;
				CLANG_WARN_OBJC_IMPLICIT_RETAIN_SELF = YES;
				CLANG_WARN_OBJC_LITERAL_CONVERSION = YES;
				CLANG_WARN_OBJC_ROOT_CLASS = YES_ERROR;
				CLANG_WARN_QUOTED_INCLUDE_IN_FRAMEWORK_HEADER = YES;
				CLANG_WARN_RANGE_LOOP_ANALYSIS = YES;
				CLANG_WARN_STRICT_PROTOTYPES = YES;
				CLANG_WARN_SUSPICIOUS_MOVE = YES;
				CLANG_WARN_UNGUARDED_AVAILABILITY = YES_AGGRESSIVE;
				CLANG_WARN_UNREACHABLE_CODE = YES;
				CLANG_WARN__DUPLICATE_METHOD_MATCH = YES;
				COPY_PHASE_STRIP = NO;
				DEBUG_INFORMATION_FORMAT = dwarf;
				DEVELOPMENT_TEAM = L4VEC2568N;
				ENABLE_STRICT_OBJC_MSGSEND = YES;
				ENABLE_TESTABILITY = YES;
				ENABLE_USER_SCRIPT_SANDBOXING = YES;
				GCC_C_LANGUAGE_STANDARD = gnu17;
				GCC_DYNAMIC_NO_PIC = NO;
				GCC_NO_COMMON_BLOCKS = YES;
				GCC_OPTIMIZATION_LEVEL = 0;
				GCC_PREPROCESSOR_DEFINITIONS = (
					"DEBUG=1",
					"$(inherited)",
				);
				GCC_WARN_64_TO_32_BIT_CONVERSION = YES;
				GCC_WARN_ABOUT_RETURN_TYPE = YES_ERROR;
				GCC_WARN_UNDECLARED_SELECTOR = YES;
				GCC_WARN_UNINITIALIZED_AUTOS = YES_AGGRESSIVE;
				GCC_WARN_UNUSED_FUNCTION = YES;
				GCC_WARN_UNUSED_VARIABLE = YES;
				IPHONEOS_DEPLOYMENT_TARGET = 18.5;
				LOCALIZATION_PREFERS_STRING_CATALOGS = YES;
				MTL_ENABLE_DEBUG_INFO = INCLUDE_SOURCE;
				MTL_FAST_MATH = YES;
				ONLY_ACTIVE_ARCH = YES;
				SDKROOT = iphoneos;
				SWIFT_ACTIVE_COMPILATION_CONDITIONS = "DEBUG $(inherited)";
				SWIFT_OPTIMIZATION_LEVEL = "-Onone";
			};
			name = Debug;
		};
		DA31A74C2E5196E7001ECD4E /* Release */ = {
			isa = XCBuildConfiguration;
			buildSettings = {
				ALWAYS_SEARCH_USER_PATHS = NO;
				ASSETCATALOG_COMPILER_GENERATE_SWIFT_ASSET_SYMBOL_EXTENSIONS = YES;
				CLANG_ANALYZER_NONNULL = YES;
				CLANG_ANALYZER_NUMBER_OBJECT_CONVERSION = YES_AGGRESSIVE;
				CLANG_CXX_LANGUAGE_STANDARD = "gnu++20";
				CLANG_ENABLE_MODULES = YES;
				CLANG_ENABLE_OBJC_ARC = YES;
				CLANG_ENABLE_OBJC_WEAK = YES;
				CLANG_WARN_BLOCK_CAPTURE_AUTORELEASING = YES;
				CLANG_WARN_BOOL_CONVERSION = YES;
				CLANG_WARN_COMMA = YES;
				CLANG_WARN_CONSTANT_CONVERSION = YES;
				CLANG_WARN_DEPRECATED_OBJC_IMPLEMENTATIONS = YES;
				CLANG_WARN_DIRECT_OBJC_ISA_USAGE = YES_ERROR;
				CLANG_WARN_DOCUMENTATION_COMMENTS = YES;
				CLANG_WARN_EMPTY_BODY = YES;
				CLANG_WARN_ENUM_CONVERSION = YES;
				CLANG_WARN_INFINITE_RECURSION = YES;
				CLANG_WARN_INT_CONVERSION = YES;
				CLANG_WARN_NON_LITERAL_NULL_CONVERSION = YES;
				CLANG_WARN_OBJC_IMPLICIT_RETAIN_SELF = YES;
				CLANG_WARN_OBJC_LITERAL_CONVERSION = YES;
				CLANG_WARN_OBJC_ROOT_CLASS = YES_ERROR;
				CLANG_WARN_QUOTED_INCLUDE_IN_FRAMEWORK_HEADER = YES;
				CLANG_WARN_RANGE_LOOP_ANALYSIS = YES;
				CLANG_WARN_STRICT_PROTOTYPES = YES;
				CLANG_WARN_SUSPICIOUS_MOVE = YES;
				CLANG_WARN_UNGUARDED_AVAILABILITY = YES_AGGRESSIVE;
				CLANG_WARN_UNREACHABLE_CODE = YES;
				CLANG_WARN__DUPLICATE_METHOD_MATCH = YES;
				COPY_PHASE_STRIP = NO;
				DEBUG_INFORMATION_FORMAT = "dwarf-with-dsym";
				DEVELOPMENT_TEAM = L4VEC2568N;
				ENABLE_NS_ASSERTIONS = NO;
				ENABLE_STRICT_OBJC_MSGSEND = YES;
				ENABLE_USER_SCRIPT_SANDBOXING = YES;
				GCC_C_LANGUAGE_STANDARD = gnu17;
				GCC_NO_COMMON_BLOCKS = YES;
				GCC_WARN_64_TO_32_BIT_CONVERSION = YES;
				GCC_WARN_ABOUT_RETURN_TYPE = YES_ERROR;
				GCC_WARN_UNDECLARED_SELECTOR = YES;
				GCC_WARN_UNINITIALIZED_AUTOS = YES_AGGRESSIVE;
				GCC_WARN_UNUSED_FUNCTION = YES;
				GCC_WARN_UNUSED_VARIABLE = YES;
				IPHONEOS_DEPLOYMENT_TARGET = 18.5;
				LOCALIZATION_PREFERS_STRING_CATALOGS = YES;
				MTL_ENABLE_DEBUG_INFO = NO;
				MTL_FAST_MATH = YES;
				SDKROOT = iphoneos;
				SWIFT_COMPILATION_MODE = wholemodule;
				VALIDATE_PRODUCT = YES;
			};
			name = Release;
		};
		DA31A74E2E5196E7001ECD4E /* Debug */ = {
			isa = XCBuildConfiguration;
			buildSettings = {
				ASSETCATALOG_COMPILER_APPICON_NAME = AppIcon;
				ASSETCATALOG_COMPILER_GLOBAL_ACCENT_COLOR_NAME = AccentColor;
				CODE_SIGN_STYLE = Automatic;
				CURRENT_PROJECT_VERSION = 1;
				DEVELOPMENT_TEAM = L4VEC2568N;
				ENABLE_PREVIEWS = YES;
				GENERATE_INFOPLIST_FILE = YES;
				INFOPLIST_KEY_NSPhotoLibraryAddUsageDescription = NSPhotoLibraryAddUsageDescription;
				INFOPLIST_KEY_NSPhotoLibraryUsageDescription = NSPhotoLibraryUsageDescription;
				INFOPLIST_KEY_UIApplicationSceneManifest_Generation = YES;
				INFOPLIST_KEY_UIApplicationSupportsIndirectInputEvents = YES;
				INFOPLIST_KEY_UILaunchScreen_Generation = YES;
				INFOPLIST_KEY_UISupportedInterfaceOrientations_iPad = "UIInterfaceOrientationPortrait UIInterfaceOrientationPortraitUpsideDown UIInterfaceOrientationLandscapeLeft UIInterfaceOrientationLandscapeRight";
				INFOPLIST_KEY_UISupportedInterfaceOrientations_iPhone = "UIInterfaceOrientationPortrait UIInterfaceOrientationLandscapeLeft UIInterfaceOrientationLandscapeRight";
				LD_RUNPATH_SEARCH_PATHS = (
					"$(inherited)",
					"@executable_path/Frameworks",
				);
				MARKETING_VERSION = 1.0;
				PRODUCT_BUNDLE_IDENTIFIER = Joseph0070.PhotoMicroFX;
				PRODUCT_NAME = "$(TARGET_NAME)";
				SWIFT_EMIT_LOC_STRINGS = YES;
				SWIFT_VERSION = 5.0;
				TARGETED_DEVICE_FAMILY = "1,2";
			};
			name = Debug;
		};
		DA31A74F2E5196E7001ECD4E /* Release */ = {
			isa = XCBuildConfiguration;
			buildSettings = {
				ASSETCATALOG_COMPILER_APPICON_NAME = AppIcon;
				ASSETCATALOG_COMPILER_GLOBAL_ACCENT_COLOR_NAME = AccentColor;
				CODE_SIGN_STYLE = Automatic;
				CURRENT_PROJECT_VERSION = 1;
				DEVELOPMENT_TEAM = L4VEC2568N;
				ENABLE_PREVIEWS = YES;
				GENERATE_INFOPLIST_FILE = YES;
				INFOPLIST_KEY_NSPhotoLibraryAddUsageDescription = NSPhotoLibraryAddUsageDescription;
				INFOPLIST_KEY_NSPhotoLibraryUsageDescription = NSPhotoLibraryUsageDescription;
				INFOPLIST_KEY_UIApplicationSceneManifest_Generation = YES;
				INFOPLIST_KEY_UIApplicationSupportsIndirectInputEvents = YES;
				INFOPLIST_KEY_UILaunchScreen_Generation = YES;
				INFOPLIST_KEY_UISupportedInterfaceOrientations_iPad = "UIInterfaceOrientationPortrait UIInterfaceOrientationPortraitUpsideDown UIInterfaceOrientationLandscapeLeft UIInterfaceOrientationLandscapeRight";
				INFOPLIST_KEY_UISupportedInterfaceOrientations_iPhone = "UIInterfaceOrientationPortrait UIInterfaceOrientationLandscapeLeft UIInterfaceOrientationLandscapeRight";
				LD_RUNPATH_SEARCH_PATHS = (
					"$(inherited)",
					"@executable_path/Frameworks",
				);
				MARKETING_VERSION = 1.0;
				PRODUCT_BUNDLE_IDENTIFIER = Joseph0070.PhotoMicroFX;
				PRODUCT_NAME = "$(TARGET_NAME)";
				SWIFT_EMIT_LOC_STRINGS = YES;
				SWIFT_VERSION = 5.0;
				TARGETED_DEVICE_FAMILY = "1,2";
			};
			name = Release;
		};
		DA31A7512E5196E7001ECD4E /* Debug */ = {
			isa = XCBuildConfiguration;
			buildSettings = {
				BUNDLE_LOADER = "$(TEST_HOST)";
				CODE_SIGN_STYLE = Automatic;
				CURRENT_PROJECT_VERSION = 1;
				DEVELOPMENT_TEAM = L4VEC2568N;
				GENERATE_INFOPLIST_FILE = YES;
				IPHONEOS_DEPLOYMENT_TARGET = 18.5;
				MARKETING_VERSION = 1.0;
				PRODUCT_BUNDLE_IDENTIFIER = Joseph0070.PhotoMicroFXTests;
				PRODUCT_NAME = "$(TARGET_NAME)";
				SWIFT_EMIT_LOC_STRINGS = NO;
				SWIFT_VERSION = 5.0;
				TARGETED_DEVICE_FAMILY = "1,2";
				TEST_HOST = "$(BUILT_PRODUCTS_DIR)/PhotoMicroFX.app/$(BUNDLE_EXECUTABLE_FOLDER_PATH)/PhotoMicroFX";
			};
			name = Debug;
		};
		DA31A7522E5196E7001ECD4E /* Release */ = {
			isa = XCBuildConfiguration;
			buildSettings = {
				BUNDLE_LOADER = "$(TEST_HOST)";
				CODE_SIGN_STYLE = Automatic;
				CURRENT_PROJECT_VERSION = 1;
				DEVELOPMENT_TEAM = L4VEC2568N;
				GENERATE_INFOPLIST_FILE = YES;
				IPHONEOS_DEPLOYMENT_TARGET = 18.5;
				MARKETING_VERSION = 1.0;
				PRODUCT_BUNDLE_IDENTIFIER = Joseph0070.PhotoMicroFXTests;
				PRODUCT_NAME = "$(TARGET_NAME)";
				SWIFT_EMIT_LOC_STRINGS = NO;
				SWIFT_VERSION = 5.0;
				TARGETED_DEVICE_FAMILY = "1,2";
				TEST_HOST = "$(BUILT_PRODUCTS_DIR)/PhotoMicroFX.app/$(BUNDLE_EXECUTABLE_FOLDER_PATH)/PhotoMicroFX";
			};
			name = Release;
		};
		DA31A7542E5196E7001ECD4E /* Debug */ = {
			isa = XCBuildConfiguration;
			buildSettings = {
				CODE_SIGN_STYLE = Automatic;
				CURRENT_PROJECT_VERSION = 1;
				DEVELOPMENT_TEAM = L4VEC2568N;
				GENERATE_INFOPLIST_FILE = YES;
				MARKETING_VERSION = 1.0;
				PRODUCT_BUNDLE_IDENTIFIER = Joseph0070.PhotoMicroFXUITests;
				PRODUCT_NAME = "$(TARGET_NAME)";
				SWIFT_EMIT_LOC_STRINGS = NO;
				SWIFT_VERSION = 5.0;
				TARGETED_DEVICE_FAMILY = "1,2";
				TEST_TARGET_NAME = PhotoMicroFX;
			};
			name = Debug;
		};
		DA31A7552E5196E7001ECD4E /* Release */ = {
			isa = XCBuildConfiguration;
			buildSettings = {
				CODE_SIGN_STYLE = Automatic;
				CURRENT_PROJECT_VERSION = 1;
				DEVELOPMENT_TEAM = L4VEC2568N;
				GENERATE_INFOPLIST_FILE = YES;
				MARKETING_VERSION = 1.0;
				PRODUCT_BUNDLE_IDENTIFIER = Joseph0070.PhotoMicroFXUITests;
				PRODUCT_NAME = "$(TARGET_NAME)";
				SWIFT_EMIT_LOC_STRINGS = NO;
				SWIFT_VERSION = 5.0;
				TARGETED_DEVICE_FAMILY = "1,2";
				TEST_TARGET_NAME = PhotoMicroFX;
			};
			name = Release;
		};
/* End XCBuildConfiguration section */

/* Begin XCConfigurationList section */
		DA31A7252E5196E6001ECD4E /* Build configuration list for PBXProject "PhotoMicroFX" */ = {
			isa = XCConfigurationList;
			buildConfigurations = (
				DA31A74B2E5196E7001ECD4E /* Debug */,
				DA31A74C2E5196E7001ECD4E /* Release */,
			);
			defaultConfigurationIsVisible = 0;
			defaultConfigurationName = Release;
		};
		DA31A74D2E5196E7001ECD4E /* Build configuration list for PBXNativeTarget "PhotoMicroFX" */ = {
			isa = XCConfigurationList;
			buildConfigurations = (
				DA31A74E2E5196E7001ECD4E /* Debug */,
				DA31A74F2E5196E7001ECD4E /* Release */,
			);
			defaultConfigurationIsVisible = 0;
			defaultConfigurationName = Release;
		};
		DA31A7502E5196E7001ECD4E /* Build configuration list for PBXNativeTarget "PhotoMicroFXTests" */ = {
			isa = XCConfigurationList;
			buildConfigurations = (
				DA31A7512E5196E7001ECD4E /* Debug */,
				DA31A7522E5196E7001ECD4E /* Release */,
			);
			defaultConfigurationIsVisible = 0;
			defaultConfigurationName = Release;
		};
		DA31A7532E5196E7001ECD4E /* Build configuration list for PBXNativeTarget "PhotoMicroFXUITests" */ = {
			isa = XCConfigurationList;
			buildConfigurations = (
				DA31A7542E5196E7001ECD4E /* Debug */,
				DA31A7552E5196E7001ECD4E /* Release */,
			);
			defaultConfigurationIsVisible = 0;
			defaultConfigurationName = Release;
		};
/* End XCConfigurationList section */
	};
	rootObject = DA31A7222E5196E6001ECD4E /* Project object */;
}
